
Microsoft Visual Studio Solution File, Format Version 11.00
# Visual Studio 2010
Project("{FAE04EC0-301F-11D3-BF4B-00C04F79EFBC}") = "LightMess", "LightMess\LightMess.csproj", "{49F8870A-EDAA-451D-8917-3F08DDB449CE}"
EndProject
Project("{FAE04EC0-301F-11D3-BF4B-00C04F79EFBC}") = "Testing", "Testing\Testing.csproj", "{DEE355D4-C244-46F4-AE53-C1B84B67BE15}"
EndProject
Global
	GlobalSection(SolutionConfigurationPlatforms) = preSolution
		Debug|Any CPU = Debug|Any CPU
		Release|Any CPU = Release|Any CPU
	EndGlobalSection
	GlobalSection(ProjectConfigurationPlatforms) = postSolution
		{49F8870A-EDAA-451D-8917-3F08DDB449CE}.Debug|Any CPU.ActiveCfg = Debug|Any CPU
		{49F8870A-EDAA-451D-8917-3F08DDB449CE}.Debug|Any CPU.Build.0 = Debug|Any CPU
		{49F8870A-EDAA-451D-8917-3F08DDB449CE}.Release|Any CPU.ActiveCfg = Release|Any CPU
		{49F8870A-EDAA-451D-8917-3F08DDB449CE}.Release|Any CPU.Build.0 = Release|Any CPU
		{DEE355D4-C244-46F4-AE53-C1B84B67BE15}.Debug|Any CPU.ActiveCfg = Debug|Any CPU
		{DEE355D4-C244-46F4-AE53-C1B84B67BE15}.Debug|Any CPU.Build.0 = Debug|Any CPU
		{DEE355D4-C244-46F4-AE53-C1B84B67BE15}.Release|Any CPU.ActiveCfg = Release|Any CPU
		{DEE355D4-C244-46F4-AE53-C1B84B67BE15}.Release|Any CPU.Build.0 = Release|Any CPU
	EndGlobalSection
	GlobalSection(SolutionProperties) = preSolution
		HideSolutionNode = FALSE
	EndGlobalSection
EndGlobal
